Microsoft Visual Studio Solution File, Format Version 12.00
# Visual Studio Version 17
VisualStudioVersion = 17.5.2.0
MinimumVisualStudioVersion = 10.0.40219.1
Project("{FAE04EC0-301F-11D3-BF4B-00C04F79EFBC}") = "FireClient", "FireClient.csproj", "{0278A887-E1F4-5C48-C344-CF03173B99EA}"
EndProject
Global
	GlobalSection(SolutionConfigurationPlatforms) = preSolution
		Debug|Any CPU = Debug|Any CPU
		Release|Any CPU = Release|Any CPU
	EndGlobalSection
	GlobalSection(ProjectConfigurationPlatforms) = postSolution
		{0278A887-E1F4-5C48-C344-CF03173B99EA}.Debug|Any CPU.ActiveCfg = Debug|Any CPU
		{0278A887-E1F4-5C48-C344-CF03173B99EA}.Debug|Any CPU.Build.0 = Debug|Any CPU
		{0278A887-E1F4-5C48-C344-CF03173B99EA}.Release|Any CPU.ActiveCfg = Release|Any CPU
		{0278A887-E1F4-5C48-C344-CF03173B99EA}.Release|Any CPU.Build.0 = Release|Any CPU
	EndGlobalSection
	GlobalSection(SolutionProperties) = preSolution
		HideSolutionNode = FALSE
	EndGlobalSection
	GlobalSection(ExtensibilityGlobals) = postSolution
		SolutionGuid = {4A36A9F3-2DED-4579-A102-63901571CEF0}
	EndGlobalSection
EndGlobal
